{
  "version": "5",
  "specifiers": {
    "jsr:@es-toolkit/es-toolkit@^1.39.5": "1.45.1",
    "jsr:@fedify/fedify@1": "1.10.4",
    "jsr:@logtape/logtape@^1.2.2": "1.3.7",
    "jsr:@nats-io/nats-core@3.3.1": "3.3.1",
    "jsr:@nats-io/nkeys@2.0.3": "2.0.3",
    "jsr:@nats-io/nuid@2.0.3": "2.0.3",
    "jsr:@nats-io/transport-deno@*": "3.3.1",
    "jsr:@std/bytes@^1.0.5": "1.0.6",
    "jsr:@std/io@0.225.2": "0.225.2",
    "npm:@cloudflare/workers-types@^4.20250529.0": "4.20260329.1",
    "npm:@multiformats/base-x@^4.0.1": "4.0.1",
    "npm:@opentelemetry/api@^1.9.0": "1.9.0",
    "npm:@opentelemetry/core@^1.30.1": "1.30.1_@opentelemetry+api@1.9.0",
    "npm:@opentelemetry/sdk-trace-base@^1.30.1": "1.30.1_@opentelemetry+api@1.9.0",
    "npm:@opentelemetry/semantic-conventions@^1.27.0": "1.28.0",
    "npm:@phensley/language-tag@^1.9.0": "1.14.0",
    "npm:asn1js@^3.0.5": "3.0.7",
    "npm:byte-encodings@^1.0.11": "1.0.11",
    "npm:hono@4": "4.12.9",
    "npm:json-canon@^1.0.1": "1.0.1",
    "npm:jsonld@9": "9.0.0",
    "npm:multicodec@^3.2.1": "3.2.1",
    "npm:pkijs@^3.2.4": "3.3.3",
    "npm:structured-field-values@^2.0.4": "2.0.4",
    "npm:tweetnacl@1.0.3": "1.0.3",
    "npm:uri-template-router@1": "1.0.0",
    "npm:url-template@^3.1.1": "3.1.1"
  },
  "jsr": {
    "@es-toolkit/es-toolkit@1.45.1": {
      "integrity": "fcfce61ab4ac4db2fd45841ac86f6101b271d4e3a094dc7edbb14fd41289471b"
    },
    "@fedify/fedify@1.10.4": {
      "integrity": "c1ece8164dce782cb0c67ab7a69e035dbce7ac0295d21651ccc9c5309dc97587",
      "dependencies": [
        "jsr:@es-toolkit/es-toolkit",
        "jsr:@logtape/logtape",
        "npm:@cloudflare/workers-types",
        "npm:@multiformats/base-x",
        "npm:@opentelemetry/api",
        "npm:@opentelemetry/core",
        "npm:@opentelemetry/sdk-trace-base",
        "npm:@opentelemetry/semantic-conventions",
        "npm:@phensley/language-tag",
        "npm:asn1js",
        "npm:byte-encodings",
        "npm:json-canon",
        "npm:jsonld",
        "npm:multicodec",
        "npm:pkijs",
        "npm:structured-field-values",
        "npm:uri-template-router",
        "npm:url-template"
      ]
    },
    "@logtape/logtape@1.3.7": {
      "integrity": "d9dc1f8c7e2e1e4e3998006ea84eaf4054e40ad39325b056b3f517c013286bed"
    },
    "@nats-io/nats-core@3.3.1": {
      "integrity": "61c9624a9f775399a817f3fea7fa84445942ba47108d50b1f1d0ab1eba55a4ea",
      "dependencies": [
        "jsr:@nats-io/nkeys",
        "jsr:@nats-io/nuid"
      ]
    },
    "@nats-io/nkeys@2.0.3": {
      "integrity": "e92c96eea32b559f2e0f32555b49376942d66c07e59efff9180dbf29e516fbd8",
      "dependencies": [
        "npm:tweetnacl"
      ]
    },
    "@nats-io/nuid@2.0.3": {
      "integrity": "c1069446e43dfa4f5e599c398a1bfc1be0c8dab1c839b6d2b9c3617cc1998306"
    },
    "@nats-io/transport-deno@3.3.1": {
      "integrity": "414e7b31e48f0baf8d6bc9803b9b4effd620c7e44a672f33ed0bae2028f0d885",
      "dependencies": [
        "jsr:@nats-io/nats-core",
        "jsr:@std/io"
      ]
    },
    "@std/bytes@1.0.6": {
      "integrity": "f6ac6adbd8ccd99314045f5703e23af0a68d7f7e58364b47d2c7f408aeb5820a"
    },
    "@std/io@0.225.2": {
      "integrity": "3c740cd4ee4c082e6cfc86458f47e2ab7cb353dc6234d5e9b1f91a2de5f4d6c7",
      "dependencies": [
        "jsr:@std/bytes"
      ]
    }
  },
  "npm": {
    "@cloudflare/workers-types@4.20260329.1": {
      "integrity": "sha512-LxBHrYYI/AZ6OCbUzRqRgg6Rt1qev2KxN2NNd3saye41AO2g52cYvHV+ohts5oPnrIUD7YRjbgN/J3NU7e7m5A=="
    },
    "@digitalbazaar/http-client@4.3.0": {
      "integrity": "sha512-6lMpxpt9BOmqHKGs9Xm6DP4LlZTBFer/ZjHvP3FcW3IaUWYIWC7dw5RFZnvw4fP57kAVcm1dp3IF+Y50qhBvAw==",
      "dependencies": [
        "ky",
        "undici"
      ]
    },
    "@multiformats/base-x@4.0.1": {
      "integrity": "sha512-eMk0b9ReBbV23xXU693TAIrLyeO5iTgBZGSJfpqriG8UkYvr/hC9u9pyMlAakDNHWmbhMZCDs6KQO0jzKD8OTw=="
    },
    "@noble/hashes@1.4.0": {
      "integrity": "sha512-V1JJ1WTRUqHHrOSh597hURcMqVKVGL/ea3kv0gSnEdsEZ0/+VyPghM1lMNGc00z7CIQorSvbKpuJkxvuHbvdbg=="
    },
    "@opentelemetry/api@1.9.0": {
      "integrity": "sha512-3giAOQvZiH5F9bMlMiv8+GSPMeqg0dbaeo58/0SlA9sxSqZhnUtxzX9/2FzyhS9sWQf5S0GJE0AKBrFqjpeYcg=="
    },
    "@opentelemetry/core@1.30.1_@opentelemetry+api@1.9.0": {
      "integrity": "sha512-OOCM2C/QIURhJMuKaekP3TRBxBKxG/TWWA0TL2J6nXUtDnuCtccy49LUJF8xPFXMX+0LMcxFpCo8M9cGY1W6rQ==",
      "dependencies": [
        "@opentelemetry/api",
        "@opentelemetry/semantic-conventions"
      ]
    },
    "@opentelemetry/resources@1.30.1_@opentelemetry+api@1.9.0": {
      "integrity": "sha512-5UxZqiAgLYGFjS4s9qm5mBVo433u+dSPUFWVWXmLAD4wB65oMCoXaJP1KJa9DIYYMeHu3z4BZcStG3LC593cWA==",
      "dependencies": [
        "@opentelemetry/api",
        "@opentelemetry/core",
        "@opentelemetry/semantic-conventions"
      ]
    },
    "@opentelemetry/sdk-trace-base@1.30.1_@opentelemetry+api@1.9.0": {
      "integrity": "sha512-jVPgBbH1gCy2Lb7X0AVQ8XAfgg0pJ4nvl8/IiQA6nxOsPvS+0zMJaFSs2ltXe0J6C8dqjcnpyqINDJmU30+uOg==",
      "dependencies": [
        "@opentelemetry/api",
        "@opentelemetry/core",
        "@opentelemetry/resources",
        "@opentelemetry/semantic-conventions"
      ]
    },
    "@opentelemetry/semantic-conventions@1.28.0": {
      "integrity": "sha512-lp4qAiMTD4sNWW4DbKLBkfiMZ4jbAboJIGOQr5DvciMRI494OapieI9qiODpOt0XBr1LjIDy1xAGAnVs5supTA=="
    },
    "@phensley/language-tag@1.14.0": {
      "integrity": "sha512-FJak93PHAWlleOeAt0JBLplkAy/BhrEhK8zuNX1PHca7I+Pdzj3N1lWZD8ZLmDqlYHIBhHkf6PLOrOcjBD1DHg==",
      "dependencies": [
        "tslib"
      ]
    },
    "asn1js@3.0.7": {
      "integrity": "sha512-uLvq6KJu04qoQM6gvBfKFjlh6Gl0vOKQuR5cJMDHQkmwfMOQeN3F3SHCv9SNYSL+CRoHvOGFfllDlVz03GQjvQ==",
      "dependencies": [
        "pvtsutils",
        "pvutils",
        "tslib"
      ]
    },
    "byte-encodings@1.0.11": {
      "integrity": "sha512-+/xR2+ySc2yKGtud3DGkGSH1DNwHfRVK0KTnMhoeH36/KwG+tHQ4d9B3jxJFq7dW27YcfudkywaYJRPA2dmxzg=="
    },
    "bytestreamjs@2.0.1": {
      "integrity": "sha512-U1Z/ob71V/bXfVABvNr/Kumf5VyeQRBEm6Txb0PQ6S7V5GpBM3w4Cbqz/xPDicR5tN0uvDifng8C+5qECeGwyQ=="
    },
    "canonicalize@2.1.0": {
      "integrity": "sha512-F705O3xrsUtgt98j7leetNhTWPe+5S72rlL5O4jA1pKqBVQ/dT1O1D6PFxmSXvc0SUOinWS57DKx0I3CHrXJHQ==",
      "bin": true
    },
    "hono@4.12.9": {
      "integrity": "sha512-wy3T8Zm2bsEvxKZM5w21VdHDDcwVS1yUFFY6i8UobSsKfFceT7TOwhbhfKsDyx7tYQlmRM5FLpIuYvNFyjctiA=="
    },
    "json-canon@1.0.1": {
      "integrity": "sha512-PQcj4PFOTAQxE8PgoQ4KrM0DcKWZd7S3ELOON8rmysl9I8JuFMgxu1H9v+oZsTPjjkpeS3IHPwLjr7d+gKygnw=="
    },
    "jsonld@9.0.0": {
      "integrity": "sha512-pjMIdkXfC1T2wrX9B9i2uXhGdyCmgec3qgMht+TDj+S0qX3bjWMQUfL7NeqEhuRTi8G5ESzmL9uGlST7nzSEWg==",
      "dependencies": [
        "@digitalbazaar/http-client",
        "canonicalize",
        "lru-cache",
        "rdf-canonize"
      ]
    },
    "ky@1.14.3": {
      "integrity": "sha512-9zy9lkjac+TR1c2tG+mkNSVlyOpInnWdSMiue4F+kq8TwJSgv6o8jhLRg8Ho6SnZ9wOYUq/yozts9qQCfk7bIw=="
    },
    "lru-cache@6.0.0": {
      "integrity": "sha512-Jo6dJ04CmSjuznwJSS3pUeWmd/H0ffTlkXXgwZi+eq1UCmqQwCh+eLsYOYCwY991i2Fah4h1BEMCx4qThGbsiA==",
      "dependencies": [
        "yallist"
      ]
    },
    "multicodec@3.2.1": {
      "integrity": "sha512-+expTPftro8VAW8kfvcuNNNBgb9gPeNYV9dn+z1kJRWF2vih+/S79f2RVeIwmrJBUJ6NT9IUPWnZDQvegEh5pw==",
      "dependencies": [
        "uint8arrays",
        "varint"
      ],
      "deprecated": true
    },
    "multiformats@9.9.0": {
      "integrity": "sha512-HoMUjhH9T8DDBNT+6xzkrd9ga/XiBI4xLr58LJACwK6G3HTOPeMz4nB4KJs33L2BelrIJa7P0VuNaVF3hMYfjg=="
    },
    "pkijs@3.3.3": {
      "integrity": "sha512-+KD8hJtqQMYoTuL1bbGOqxb4z+nZkTAwVdNtWwe8Tc2xNbEmdJYIYoc6Qt0uF55e6YW6KuTHw1DjQ18gMhzepw==",
      "dependencies": [
        "@noble/hashes",
        "asn1js",
        "bytestreamjs",
        "pvtsutils",
        "pvutils",
        "tslib"
      ]
    },
    "pvtsutils@1.3.6": {
      "integrity": "sha512-PLgQXQ6H2FWCaeRak8vvk1GW462lMxB5s3Jm673N82zI4vqtVUPuZdffdZbPDFRoU8kAhItWFtPCWiPpp4/EDg==",
      "dependencies": [
        "tslib"
      ]
    },
    "pvutils@1.1.5": {
      "integrity": "sha512-KTqnxsgGiQ6ZAzZCVlJH5eOjSnvlyEgx1m8bkRJfOhmGRqfo5KLvmAlACQkrjEtOQ4B7wF9TdSLIs9O90MX9xA=="
    },
    "rdf-canonize@5.0.0": {
      "integrity": "sha512-g8OUrgMXAR9ys/ZuJVfBr05sPPoMA7nHIVs8VEvg9QwM5W4GR2qSFEEHjsyHF1eWlBaf8Ev40WNjQFQ+nJTO3w==",
      "dependencies": [
        "setimmediate"
      ]
    },
    "setimmediate@1.0.5": {
      "integrity": "sha512-MATJdZp8sLqDl/68LfQmbP8zKPLQNV6BIZoIgrscFDQ+RsvK/BxeDQOgyxKKoh0y/8h3BqVFnCqQ/gd+reiIXA=="
    },
    "structured-field-values@2.0.4": {
      "integrity": "sha512-5zpJXYLPwW3WYUD/D58tQjIBs10l3Yx64jZfcKGs/RH79E2t9Xm/b9+ydwdMNVSksnsIY+HR/2IlQmgo0AcTAg=="
    },
    "tslib@2.8.1": {
      "integrity": "sha512-oJFu94HQb+KVduSUQL7wnpmqnfmLsOA/nAh6b6EH0wCEoK0/mPeXU6c3wKDV83MkOuHPRHtSXKKU99IBazS/2w=="
    },
    "tweetnacl@1.0.3": {
      "integrity": "sha512-6rt+RN7aOi1nGMyC4Xa5DdYiukl2UWCbcJft7YhxReBGQD7OAM8Pbxw6YMo4r2diNEA8FEmu32YOn9rhaiE5yw=="
    },
    "uint8arrays@3.1.1": {
      "integrity": "sha512-+QJa8QRnbdXVpHYjLoTpJIdCTiw9Ir62nocClWuXIq2JIh4Uta0cQsTSpFL678p2CN8B+XSApwcU+pQEqVpKWg==",
      "dependencies": [
        "multiformats"
      ]
    },
    "undici@6.24.1": {
      "integrity": "sha512-sC+b0tB1whOCzbtlx20fx3WgCXwkW627p4EA9uM+/tNNPkSS+eSEld6pAs9nDv7WbY1UUljBMYPtu9BCOrCWKA=="
    },
    "uri-template-router@1.0.0": {
      "integrity": "sha512-WKcL9ZSIEhHE3f5P4Z47Tf0nWbcgV1ISb/OBuF8YKEYi0SQOyTLCzM6B/gAKFWZhRhqA+C/Ks8UXe2qU5W0FVg=="
    },
    "url-template@3.1.1": {
      "integrity": "sha512-4oszoaEKE/mQOtAmdMWqIRHmkxWkUZMnXFnjQ5i01CuRSK3uluxcH1MRVVVWmhlnzT1SCDfKxxficm2G37qzCA=="
    },
    "varint@6.0.0": {
      "integrity": "sha512-cXEIW6cfr15lFv563k4GuVuW/fiwjknytD37jIOLSdSWuOI6WnO/oKwmP2FQTU2l01LP8/M5TSAJpzUaGe3uWg=="
    },
    "yallist@4.0.0": {
      "integrity": "sha512-3wdGidZyq5PB084XLES5TpOSRA3wjXAlIWMhum2kRcv/41Sn2emQ0dycQW4uZXLejwKvg6EsvbdlVL+FYEct7A=="
    }
  },
  "remote": {
    "https://deno.land/std@0.221.0/io/types.ts": "acecb3074c730b5ff487ba4fe9ce51e67bd982aa07c95e5f5679b7b2f24ad129",
    "https://deno.land/std@0.221.0/io/write_all.ts": "24aac2312bb21096ae3ae0b102b22c26164d3249dff96dbac130958aa736f038",
    "https://deno.land/x/nats@v1.28.0/jetstream/consumer.ts": "21d5a530aba9a2ec785767d04671abbc8338ddef1def4926c6e6c2dcef43eba6",
    "https://deno.land/x/nats@v1.28.0/jetstream/internal_mod.ts": "7eb8ef28f6f19020a49a13ec46b3eb48872ee18dc0618c03be94c9f8fca87d64",
    "https://deno.land/x/nats@v1.28.0/jetstream/jsapi_types.ts": "5307a427d31369d5b3d0687ad09b55ac5fc3cd346b3886f6ebaea377835d2f4c",
    "https://deno.land/x/nats@v1.28.0/jetstream/jsbaseclient_api.ts": "d94b3a069d6bb9a7346c5bea70ee057950ff582b2b0303e46152fe6f8176878f",
    "https://deno.land/x/nats@v1.28.0/jetstream/jsclient.ts": "20ac2df5192b851fb4c768f8d740ebacd06e0645ded67a47bbaaa8fc2a4a3ce2",
    "https://deno.land/x/nats@v1.28.0/jetstream/jslister.ts": "15bf52f70fdce615619fb58688afc931722827633d7256f97012142c4ce923e3",
    "https://deno.land/x/nats@v1.28.0/jetstream/jsm.ts": "32ad56bf2b812009389479be719508e8fbb6d8d8e92699220178c8eeb188f62f",
    "https://deno.land/x/nats@v1.28.0/jetstream/jsmconsumer_api.ts": "97d805219ea92446a328263d5472832f55949f15520f2c93c94566c0550e2605",
    "https://deno.land/x/nats@v1.28.0/jetstream/jsmsg.ts": "4dc0c80540cd48bce2c580ab30b0facc9d296fd03a4e86ccf66b0878c4e4a31d",
    "https://deno.land/x/nats@v1.28.0/jetstream/jsmstream_api.ts": "52d94a28089974a4006b8c22a72148842649d935b8d3f2b6c4b4cbc9d96954b0",
    "https://deno.land/x/nats@v1.28.0/jetstream/jsutil.ts": "2bf246f1d3d15cd804ad062f08e7e0871ebbebb25c191b305c454bf4513c96af",
    "https://deno.land/x/nats@v1.28.0/jetstream/kv.ts": "509fb2916744b041a57c75913de4833b73e7d1ebc9d14e50001ad78cb845990d",
    "https://deno.land/x/nats@v1.28.0/jetstream/mod.ts": "43d89b07a9354800955bd0cb7b6b25195929ebd2802a217c2af8c82e8021f35d",
    "https://deno.land/x/nats@v1.28.0/jetstream/objectstore.ts": "b7acecdf6dba62f880ce4b857d34eab0fca058ce6763ae4d5f2a1764ec0faf80",
    "https://deno.land/x/nats@v1.28.0/jetstream/types.ts": "cc01bbe9a067f3981a84402af7aa4719305343c91cf317d5bafe496dc585b10b",
    "https://deno.land/x/nats@v1.28.0/nats-base-client/authenticator.ts": "9cbfef9352748917ceada487e1ee44d91f55cd5e51d3a74577d99c77d8456d02",
    "https://deno.land/x/nats@v1.28.0/nats-base-client/base64.ts": "c031bf9f8ac451f2e50c44a3b2f9ff564d61bb14c51834ce73db837e1dee432b",
    "https://deno.land/x/nats@v1.28.0/nats-base-client/bench.ts": "9bfc16649a48228953255d2d3819b86a076ebe7cbdcccf0bbfb30089aa759631",
    "https://deno.land/x/nats@v1.28.0/nats-base-client/codec.ts": "da86654fb1f52766b998bbe22f28aa3bd3bfe6098f4d03a364999b75d522c551",
    "https://deno.land/x/nats@v1.28.0/nats-base-client/core.ts": "98d492c0091f6ad354fc23544836d62571642c4eb336c7830e7137755d7b14d8",
    "https://deno.land/x/nats@v1.28.0/nats-base-client/databuffer.ts": "4f92f772ca6701d15f2d148d2d34543558d458b20014d0404f605f84b747b75f",
    "https://deno.land/x/nats@v1.28.0/nats-base-client/denobuffer.ts": "83686bd747953167824694a3f4882ed7134a4fe70b3af89b65b41c284bc0c06a",
    "https://deno.land/x/nats@v1.28.0/nats-base-client/encoders.ts": "223f9a203d4540d3df1f219b7a93f7a04e94a4ee8b5609ce99317e25b11cdbcf",
    "https://deno.land/x/nats@v1.28.0/nats-base-client/headers.ts": "ad4f78316978672476e1eb9b72859539d65388569854a9c1fab447f3fc0c2b58",
    "https://deno.land/x/nats@v1.28.0/nats-base-client/heartbeats.ts": "ae28515ee032f9bfc391809c146b85f5d59b9acc56d9c83a7222acfa0d2fe019",
    "https://deno.land/x/nats@v1.28.0/nats-base-client/idleheartbeat_monitor.ts": "7f5f02723130ad47e93eb820454f4451e20fd3cc09f030c152017e05a37c010c",
    "https://deno.land/x/nats@v1.28.0/nats-base-client/internal_mod.ts": "0e309962bf1c37d053d6066b2310dbff7aa048fec2200aaf3be796ce37397d6e",
    "https://deno.land/x/nats@v1.28.0/nats-base-client/ipparser.ts": "eced7163655be5bb457f9a3a5880239131996e3ae7d7817db88c156faa42d29f",
    "https://deno.land/x/nats@v1.28.0/nats-base-client/mod.ts": "2974c00cb3794e1b383222bc63ffabff1b2de531dd0da9bde85104da797bc00e",
    "https://deno.land/x/nats@v1.28.0/nats-base-client/msg.ts": "89dc0f6502ae8692e95c937a997821b80fb5d3c4538d922f149ffdd871cdcf6e",
    "https://deno.land/x/nats@v1.28.0/nats-base-client/muxsubscription.ts": "07ce9bf83c11f4e1e1e927cdaaaabbb07929af18ee024ca9e462650009e31d74",
    "https://deno.land/x/nats@v1.28.0/nats-base-client/nats.ts": "0a0f297446091015a94bbf970d8f4eb5f296d719d789e1709041de2519e33a0f",
    "https://deno.land/x/nats@v1.28.0/nats-base-client/nkeys.ts": "01aa92908831dd3baad8dbc0e1b3eb05c7b8532a96f799244ff5da16aaee8e69",
    "https://deno.land/x/nats@v1.28.0/nats-base-client/nuid.ts": "796710eb4987ef97a4b711668a37b66de26208562fd89be76d54f986393ebc48",
    "https://deno.land/x/nats@v1.28.0/nats-base-client/options.ts": "c8da1635ae4fcb5f5615432c1d740fc68d8be2c66d8e6251f1ab462cec9440e2",
    "https://deno.land/x/nats@v1.28.0/nats-base-client/parser.ts": "841c14dab3ba248f839cd14574e2249a5e98acc75e105ecdc4242501ef2b9f5a",
    "https://deno.land/x/nats@v1.28.0/nats-base-client/protocol.ts": "9dcf82fe816c4b9412dea51acc4e1d8b4c6b707c174a7b3065d400dac7e7818c",
    "https://deno.land/x/nats@v1.28.0/nats-base-client/queued_iterator.ts": "bc11bc6fe28b1c9929c4326f3a3bfe4deec56a26c626ba7578c93670380b51d2",
    "https://deno.land/x/nats@v1.28.0/nats-base-client/request.ts": "6432db28e9177f24be0cdec5a9bf6181e95a3c7c26691156fa7906e593a5372d",
    "https://deno.land/x/nats@v1.28.0/nats-base-client/semver.ts": "ef6b048113ad29d39e653d5dd2e0e535e519320f9cc5076f747736dc13631919",
    "https://deno.land/x/nats@v1.28.0/nats-base-client/servers.ts": "7638e8c24e7e68c26e52254c1421e928328230031f962a222cfc29eea2aa756b",
    "https://deno.land/x/nats@v1.28.0/nats-base-client/service.ts": "8c1d834e5bac32038ebcc72e4870c1ff75cf55b4be6a4d6b96435df5865de0c6",
    "https://deno.land/x/nats@v1.28.0/nats-base-client/serviceclient.ts": "8110c8b3d4b21baf43f8d1b12e7f245eef51408d1406e343403764e28e8e505d",
    "https://deno.land/x/nats@v1.28.0/nats-base-client/sha256.js": "87a436302eafacfea9600cf0276245f39d13718c4cbaa81daff47af4ea6523fd",
    "https://deno.land/x/nats@v1.28.0/nats-base-client/transport.ts": "645996427e586083bac2155d48134306b07ad6baca014fa6a78ee1feb69c9366",
    "https://deno.land/x/nats@v1.28.0/nats-base-client/typedsub.ts": "b5f0c5f270975a6425c6467719ecd5caf538fe0eaafc2c12abc73fd7a577c3e1",
    "https://deno.land/x/nats@v1.28.0/nats-base-client/types.ts": "fa9f61b492fffb153ae794a41b19c89094f988c4eb79ff98211fd367eb70c385",
    "https://deno.land/x/nats@v1.28.0/nats-base-client/util.ts": "44aadae8c3ce5b04a0f5085ca8e07a55380b75312bbf641e1b6f9c39db17981f",
    "https://deno.land/x/nats@v1.28.0/src/connect.ts": "117abbed3b942555451e5adf31befd34ee64aa2b12e36688cb11fb9c7e69c221",
    "https://deno.land/x/nats@v1.28.0/src/deno_transport.ts": "50e40750c361244cc3c1d1a8f7c84921525c8d6e390d5661c5c9b6808ff779a4",
    "https://deno.land/x/nats@v1.28.0/src/mod.ts": "e5c12c8215cb250d888f9c0e4ee3372a1adbbcd938f8264a8a5275f194f99a3c",
    "https://raw.githubusercontent.com/nats-io/nkeys.js/v1.0.4/modules/esm/deps.ts": "38d8dcfc3ca0b7429532477127719affa0da04824610e2a1069f9f935032894f",
    "https://raw.githubusercontent.com/nats-io/nkeys.js/v1.0.4/modules/esm/mod.ts": "43c3fbbad0244dde7ae229e778dbefba7f28955a7ff5257d4ed1635b5576fb31",
    "https://raw.githubusercontent.com/nats-io/nkeys.js/v1.0.4/modules/esm/nacl.js": "251e4ffcd6d2c56c7773bcf8c1549e9c07b32adb7a2156908a04930a52e614de",
    "https://raw.githubusercontent.com/nats-io/nkeys.js/v1.0.4/src/base32.ts": "07cbfd2551cf1ef4e45784058f7583495354a167c17a75b6cbdbf6b11d91c235",
    "https://raw.githubusercontent.com/nats-io/nkeys.js/v1.0.4/src/codec.ts": "23a574d4c7e4059c503992d6cb8ab0aa5c518f52848c4599ce04049a75f8e8ee",
    "https://raw.githubusercontent.com/nats-io/nkeys.js/v1.0.4/src/crc16.ts": "0290d486579668a79602cef211a28038630e685147e8ddf79b32ff41a871cfdd",
    "https://raw.githubusercontent.com/nats-io/nkeys.js/v1.0.4/src/helper.ts": "8c4121b879ac5d0d4e05b227e15a7e29057642282f020d49de36ca3c33b7d1ed",
    "https://raw.githubusercontent.com/nats-io/nkeys.js/v1.0.4/src/kp.ts": "360259ef2bea8ee65c8fce04efb4b5aaff14382d155c0668c131d959ef9098bb",
    "https://raw.githubusercontent.com/nats-io/nkeys.js/v1.0.4/src/mod.ts": "467181195143688f969a8d1f106e4d5064116d4736a77347f681c2a6c010ede4",
    "https://raw.githubusercontent.com/nats-io/nkeys.js/v1.0.4/src/nkeys.ts": "ef6d234c2661598f39dd30f68b83be1ba84e6f89b851ffaabfad5128917cd8f3",
    "https://raw.githubusercontent.com/nats-io/nkeys.js/v1.0.4/src/public.ts": "b5c893dad5ec139296bcaec6ea11ab4cb06da4f6978e05ff9c37f7d17a7c6101",
    "https://raw.githubusercontent.com/nats-io/nkeys.js/v1.0.4/src/util.ts": "96c4c8f707ef6aaa00c23527d0a7b935efe1df3dd94e6d40707e37c5e0f14e27"
  },
  "workspace": {
    "dependencies": [
      "jsr:@fedify/fedify@1",
      "jsr:@nats-io/transport-deno@*",
      "npm:@opentelemetry/api@^1.9.0",
      "npm:hono@4"
    ]
  }
}
